
Microsoft Visual Studio Solution File, Format Version 12.00
# Visual Studio Version 17
VisualStudioVersion = 17.7.34031.279
MinimumVisualStudioVersion = 10.0.40219.1
Project("{FAE04EC0-301F-11D3-BF4B-00C04F79EFBC}") = "practica 17", "practica 17.csproj", "{A8B5A685-670F-416F-B695-AB7FA253F599}"
EndProject
Global
	GlobalSection(SolutionConfigurationPlatforms) = preSolution
		Debug|Any CPU = Debug|Any CPU
		Release|Any CPU = Release|Any CPU
	EndGlobalSection
	GlobalSection(ProjectConfigurationPlatforms) = postSolution
		{A8B5A685-670F-416F-B695-AB7FA253F599}.Debug|Any CPU.ActiveCfg = Debug|Any CPU
		{A8B5A685-670F-416F-B695-AB7FA253F599}.Debug|Any CPU.Build.0 = Debug|Any CPU
		{A8B5A685-670F-416F-B695-AB7FA253F599}.Release|Any CPU.ActiveCfg = Release|Any CPU
		{A8B5A685-670F-416F-B695-AB7FA253F599}.Release|Any CPU.Build.0 = Release|Any CPU
	EndGlobalSection
	GlobalSection(SolutionProperties) = preSolution
		HideSolutionNode = FALSE
	EndGlobalSection
	GlobalSection(ExtensibilityGlobals) = postSolution
		SolutionGuid = {F07E4E89-7888-47B5-B406-508A347459D0}
	EndGlobalSection
EndGlobal
