
Microsoft Visual Studio Solution File, Format Version 12.00
# Visual Studio Version 17
VisualStudioVersion = 17.7.34031.279
MinimumVisualStudioVersion = 10.0.40219.1
Project("{FAE04EC0-301F-11D3-BF4B-00C04F79EFBC}") = "PRACTICA18", "PRACTICA18.csproj", "{715B2ADE-AEAA-47DF-825A-C856F74C55C0}"
EndProject
Global
	GlobalSection(SolutionConfigurationPlatforms) = preSolution
		Debug|Any CPU = Debug|Any CPU
		Release|Any CPU = Release|Any CPU
	EndGlobalSection
	GlobalSection(ProjectConfigurationPlatforms) = postSolution
		{715B2ADE-AEAA-47DF-825A-C856F74C55C0}.Debug|Any CPU.ActiveCfg = Debug|Any CPU
		{715B2ADE-AEAA-47DF-825A-C856F74C55C0}.Debug|Any CPU.Build.0 = Debug|Any CPU
		{715B2ADE-AEAA-47DF-825A-C856F74C55C0}.Release|Any CPU.ActiveCfg = Release|Any CPU
		{715B2ADE-AEAA-47DF-825A-C856F74C55C0}.Release|Any CPU.Build.0 = Release|Any CPU
	EndGlobalSection
	GlobalSection(SolutionProperties) = preSolution
		HideSolutionNode = FALSE
	EndGlobalSection
	GlobalSection(ExtensibilityGlobals) = postSolution
		SolutionGuid = {BAAB8354-324F-41D5-B5D8-3BA51E6971CC}
	EndGlobalSection
EndGlobal
