
Microsoft Visual Studio Solution File, Format Version 12.00
# Visual Studio Version 17
VisualStudioVersion = 17.7.34031.279
MinimumVisualStudioVersion = 10.0.40219.1
Project("{FAE04EC0-301F-11D3-BF4B-00C04F79EFBC}") = "PRACTICA 12", "PRACTICA 12.csproj", "{BC83C1D3-F16E-433E-9EEB-8A1C97B1508F}"
EndProject
Global
	GlobalSection(SolutionConfigurationPlatforms) = preSolution
		Debug|Any CPU = Debug|Any CPU
		Release|Any CPU = Release|Any CPU
	EndGlobalSection
	GlobalSection(ProjectConfigurationPlatforms) = postSolution
		{BC83C1D3-F16E-433E-9EEB-8A1C97B1508F}.Debug|Any CPU.ActiveCfg = Debug|Any CPU
		{BC83C1D3-F16E-433E-9EEB-8A1C97B1508F}.Debug|Any CPU.Build.0 = Debug|Any CPU
		{BC83C1D3-F16E-433E-9EEB-8A1C97B1508F}.Release|Any CPU.ActiveCfg = Release|Any CPU
		{BC83C1D3-F16E-433E-9EEB-8A1C97B1508F}.Release|Any CPU.Build.0 = Release|Any CPU
	EndGlobalSection
	GlobalSection(SolutionProperties) = preSolution
		HideSolutionNode = FALSE
	EndGlobalSection
	GlobalSection(ExtensibilityGlobals) = postSolution
		SolutionGuid = {FEBFA480-57AD-4CAA-90C0-4943817F5FF9}
	EndGlobalSection
EndGlobal
